
Microsoft Visual Studio Solution File, Format Version 12.00
# Visual Studio Version 17
VisualStudioVersion = 17.14.36414.22 d17.14
MinimumVisualStudioVersion = 10.0.40219.1
Project("{FAE04EC0-301F-11D3-BF4B-00C04F79EFBC}") = "praktika28_Shein", "praktika28_Shein.csproj", "{4A655C9D-8241-4F81-BD90-76793D7D5D70}"
EndProject
Global
	GlobalSection(SolutionConfigurationPlatforms) = preSolution
		Debug|Any CPU = Debug|Any CPU
		Release|Any CPU = Release|Any CPU
	EndGlobalSection
	GlobalSection(ProjectConfigurationPlatforms) = postSolution
		{4A655C9D-8241-4F81-BD90-76793D7D5D70}.Debug|Any CPU.ActiveCfg = Debug|Any CPU
		{4A655C9D-8241-4F81-BD90-76793D7D5D70}.Debug|Any CPU.Build.0 = Debug|Any CPU
		{4A655C9D-8241-4F81-BD90-76793D7D5D70}.Release|Any CPU.ActiveCfg = Release|Any CPU
		{4A655C9D-8241-4F81-BD90-76793D7D5D70}.Release|Any CPU.Build.0 = Release|Any CPU
	EndGlobalSection
	GlobalSection(SolutionProperties) = preSolution
		HideSolutionNode = FALSE
	EndGlobalSection
	GlobalSection(ExtensibilityGlobals) = postSolution
		SolutionGuid = {3EEE9FA8-0AB7-403A-ACAF-0808196C57FA}
	EndGlobalSection
EndGlobal
